PODS:
  - AddThen (1.0.3)
  - BetterSegmentedControl (2.0.1)
  - Cards (1.4.0):
    - Player (= 0.13.0)
  - CombineCocoa (0.4.1)
  - CoreEngine (1.0.0)
  - NMapsGeometry (1.0.1)
  - NMapsMap (3.16.2):
    - NMapsGeometry
  - Player (0.13.0)
  - SnapKit (5.6.0)

DEPENDENCIES:
  - AddThen
  - BetterSegmentedControl (~> 2.0)
  - Cards
  - CombineCocoa
  - CoreEngine
  - NMapsMap
  - SnapKit

SPEC REPOS:
  trunk:
    - AddThen
    - BetterSegmentedControl
    - Cards
    - CombineCocoa
    - CoreEngine
    - NMapsGeometry
    - NMapsMap
    - Player
    - SnapKit

SPEC CHECKSUMS:
  AddThen: aeab6c1cb34bef9667d593be3f67a2dd0e7f0a2b
  BetterSegmentedControl: 09607b27861d49cbce48b7673b74f9150a3d371a
  Cards: 45ae6bd0eca7b5e8016d3b6cb30b60b04753f68f
  CombineCocoa: e5210dbfb480ff251078929459ac17e750e7af1d
  CoreEngine: 66fc85d4f86d33cfdf7f90ed5eb8a3cf9275ce6e
  NMapsGeometry: 53c573ead66466681cf123f99f698dc8071a4b83
  NMapsMap: aaa64717249b06ae82c3a3addb3a01f0e33100ab
  Player: 968d8d07d923bcdd6f7e4091c9e306eb44a5f7a4
  SnapKit: e01d52ebb8ddbc333eefe2132acf85c8227d9c25

PODFILE CHECKSUM: d0542545c9f38f0da19f2e9c867749e5a66855f8

COCOAPODS: 1.11.3
